
Microsoft Visual Studio Solution File, Format Version 12.00
# Visual Studio Version 16
VisualStudioVersion = 16.0.30204.135
MinimumVisualStudioVersion = 10.0.40219.1
Project("{FAE04EC0-301F-11D3-BF4B-00C04F79EFBC}") = "EmployeeManagement", "EmployeeManagement\EmployeeManagement.csproj", "{73EF262F-B129-4AD8-8A48-6399F1A3A64E}"
EndProject
Global
	GlobalSection(SolutionConfigurationPlatforms) = preSolution
		Debug|Any CPU = Debug|Any CPU
		Release|Any CPU = Release|Any CPU
	EndGlobalSection
	GlobalSection(ProjectConfigurationPlatforms) = postSolution
		{73EF262F-B129-4AD8-8A48-6399F1A3A64E}.Debug|Any CPU.ActiveCfg = Debug|Any CPU
		{73EF262F-B129-4AD8-8A48-6399F1A3A64E}.Debug|Any CPU.Build.0 = Debug|Any CPU
		{73EF262F-B129-4AD8-8A48-6399F1A3A64E}.Release|Any CPU.ActiveCfg = Release|Any CPU
		{73EF262F-B129-4AD8-8A48-6399F1A3A64E}.Release|Any CPU.Build.0 = Release|Any CPU
	EndGlobalSection
	GlobalSection(SolutionProperties) = preSolution
		HideSolutionNode = FALSE
	EndGlobalSection
	GlobalSection(ExtensibilityGlobals) = postSolution
		SolutionGuid = {A75B978C-F0B2-40EB-9F00-589396C8CE92}
	EndGlobalSection
EndGlobal
